
Microsoft Visual Studio Solution File, Format Version 12.00
# Visual Studio Version 16
VisualStudioVersion = 16.0.30114.105
MinimumVisualStudioVersion = 10.0.40219.1
Project("{FAE04EC0-301F-11D3-BF4B-00C04F79EFBC}") = "CleanArchitectureDDD.Api", "CleanArchitectureDDD.Api\CleanArchitectureDDD.Api.csproj", "{86D20134-733A-4D98-8404-AB90D869DA03}"
EndProject
Project("{FAE04EC0-301F-11D3-BF4B-00C04F79EFBC}") = "CleanArchitectureDDD.Application", "CleanArchitectureDDD.Application\CleanArchitectureDDD.Application.csproj", "{0D81CF50-EB16-4CC1-ACC7-BE3455A4282A}"
EndProject
Project("{FAE04EC0-301F-11D3-BF4B-00C04F79EFBC}") = "CleanArchitectureDDD.Constracts", "CleanArchitectureDDD.Constracts\CleanArchitectureDDD.Constracts.csproj", "{0C39C018-FF7B-46A3-9AA6-43AB985BDA2B}"
EndProject
Project("{FAE04EC0-301F-11D3-BF4B-00C04F79EFBC}") = "CleanArchitectureDDD.Domain", "CleanArchitectureDDD.Domain\CleanArchitectureDDD.Domain.csproj", "{9DDF4024-1BE9-465A-95BD-62581AC4DD8A}"
EndProject
Project("{FAE04EC0-301F-11D3-BF4B-00C04F79EFBC}") = "CleanArchitectureDDD.Infrastructure", "CleanArchitectureDDD.Infrastructure\CleanArchitectureDDD.Infrastructure.csproj", "{6378C001-AAD7-43D0-A0F3-FA648FA43A9B}"
EndProject
Global
	GlobalSection(SolutionConfigurationPlatforms) = preSolution
		Debug|Any CPU = Debug|Any CPU
		Release|Any CPU = Release|Any CPU
	EndGlobalSection
	GlobalSection(SolutionProperties) = preSolution
		HideSolutionNode = FALSE
	EndGlobalSection
	GlobalSection(ProjectConfigurationPlatforms) = postSolution
		{86D20134-733A-4D98-8404-AB90D869DA03}.Debug|Any CPU.ActiveCfg = Debug|Any CPU
		{86D20134-733A-4D98-8404-AB90D869DA03}.Debug|Any CPU.Build.0 = Debug|Any CPU
		{86D20134-733A-4D98-8404-AB90D869DA03}.Release|Any CPU.ActiveCfg = Release|Any CPU
		{86D20134-733A-4D98-8404-AB90D869DA03}.Release|Any CPU.Build.0 = Release|Any CPU
		{0D81CF50-EB16-4CC1-ACC7-BE3455A4282A}.Debug|Any CPU.ActiveCfg = Debug|Any CPU
		{0D81CF50-EB16-4CC1-ACC7-BE3455A4282A}.Debug|Any CPU.Build.0 = Debug|Any CPU
		{0D81CF50-EB16-4CC1-ACC7-BE3455A4282A}.Release|Any CPU.ActiveCfg = Release|Any CPU
		{0D81CF50-EB16-4CC1-ACC7-BE3455A4282A}.Release|Any CPU.Build.0 = Release|Any CPU
		{0C39C018-FF7B-46A3-9AA6-43AB985BDA2B}.Debug|Any CPU.ActiveCfg = Debug|Any CPU
		{0C39C018-FF7B-46A3-9AA6-43AB985BDA2B}.Debug|Any CPU.Build.0 = Debug|Any CPU
		{0C39C018-FF7B-46A3-9AA6-43AB985BDA2B}.Release|Any CPU.ActiveCfg = Release|Any CPU
		{0C39C018-FF7B-46A3-9AA6-43AB985BDA2B}.Release|Any CPU.Build.0 = Release|Any CPU
		{9DDF4024-1BE9-465A-95BD-62581AC4DD8A}.Debug|Any CPU.ActiveCfg = Debug|Any CPU
		{9DDF4024-1BE9-465A-95BD-62581AC4DD8A}.Debug|Any CPU.Build.0 = Debug|Any CPU
		{9DDF4024-1BE9-465A-95BD-62581AC4DD8A}.Release|Any CPU.ActiveCfg = Release|Any CPU
		{9DDF4024-1BE9-465A-95BD-62581AC4DD8A}.Release|Any CPU.Build.0 = Release|Any CPU
		{6378C001-AAD7-43D0-A0F3-FA648FA43A9B}.Debug|Any CPU.ActiveCfg = Debug|Any CPU
		{6378C001-AAD7-43D0-A0F3-FA648FA43A9B}.Debug|Any CPU.Build.0 = Debug|Any CPU
		{6378C001-AAD7-43D0-A0F3-FA648FA43A9B}.Release|Any CPU.ActiveCfg = Release|Any CPU
		{6378C001-AAD7-43D0-A0F3-FA648FA43A9B}.Release|Any CPU.Build.0 = Release|Any CPU
	EndGlobalSection
EndGlobal
